// !$*UTF8*$!
{
	archiveVersion = 1;
	classes = {
	};
	objectVersion = 56;
	objects = {

/* Begin PBXBuildFile section */
		A528C7452BDC0A3E00F22167 /* TabmanInProfileViewController.swift in Sources */ = {isa = PBXBuildFile; fileRef = A528C7442BDC0A3E00F22167 /* TabmanInProfileViewController.swift */; };
		A528C7472BDC91BA00F22167 /* successLoginAnimation.json in Resources */ = {isa = PBXBuildFile; fileRef = A528C7462BDC91BA00F22167 /* successLoginAnimation.json */; };
		A528C74A2BDE127E00F22167 /* FollowViewController.swift in Sources */ = {isa = PBXBuildFile; fileRef = A528C7492BDE127E00F22167 /* FollowViewController.swift */; };
		A528C7B52BDFF13800F22167 /* FollowTableViewCell.swift in Sources */ = {isa = PBXBuildFile; fileRef = A528C7B42BDFF13800F22167 /* FollowTableViewCell.swift */; };
		A5589FAF2BD1F8CC000C1B9D /* PostTableViewCell.swift in Sources */ = {isa = PBXBuildFile; fileRef = A5589FAE2BD1F8CC000C1B9D /* PostTableViewCell.swift */; };
		A5589FE92BD2907A000C1B9D /* LikeQuery.swift in Sources */ = {isa = PBXBuildFile; fileRef = A5589FE82BD2907A000C1B9D /* LikeQuery.swift */; };
		A5589FEB2BD35C3A000C1B9D /* ImageCollectionViewCell.swift in Sources */ = {isa = PBXBuildFile; fileRef = A5589FEA2BD35C3A000C1B9D /* ImageCollectionViewCell.swift */; };
		A5589FED2BD37E21000C1B9D /* UIImageView+Ex.swift in Sources */ = {isa = PBXBuildFile; fileRef = A5589FEC2BD37E21000C1B9D /* UIImageView+Ex.swift */; };
		A5589FEF2BD38263000C1B9D /* ContentPostViewModel.swift in Sources */ = {isa = PBXBuildFile; fileRef = A5589FEE2BD38263000C1B9D /* ContentPostViewModel.swift */; };
		A5589FF32BD4D271000C1B9D /* Category.swift in Sources */ = {isa = PBXBuildFile; fileRef = A5589FF22BD4D271000C1B9D /* Category.swift */; };
		A5589FF52BD4DAA5000C1B9D /* String+Ex.swift in Sources */ = {isa = PBXBuildFile; fileRef = A5589FF42BD4DAA4000C1B9D /* String+Ex.swift */; };
		A5589FF82BD4E087000C1B9D /* ProfileViewController.swift in Sources */ = {isa = PBXBuildFile; fileRef = A5589FF72BD4E087000C1B9D /* ProfileViewController.swift */; };
		A5589FFA2BD4E092000C1B9D /* ProfileViewModel.swift in Sources */ = {isa = PBXBuildFile; fileRef = A5589FF92BD4E092000C1B9D /* ProfileViewModel.swift */; };
		A5589FFC2BD520D1000C1B9D /* UICollectionViewFlowLayout+Ex.swift in Sources */ = {isa = PBXBuildFile; fileRef = A5589FFB2BD520D1000C1B9D /* UICollectionViewFlowLayout+Ex.swift */; };
		A5589FFE2BD574A8000C1B9D /* UIScrollView+Ex.swift in Sources */ = {isa = PBXBuildFile; fileRef = A5589FFD2BD574A8000C1B9D /* UIScrollView+Ex.swift */; };
		A558A0142BD637E4000C1B9D /* CommentViewController.swift in Sources */ = {isa = PBXBuildFile; fileRef = A558A0132BD637E4000C1B9D /* CommentViewController.swift */; };
		A558A0162BD637EE000C1B9D /* CommentViewModel.swift in Sources */ = {isa = PBXBuildFile; fileRef = A558A0152BD637EE000C1B9D /* CommentViewModel.swift */; };
		A558A0182BD63CF6000C1B9D /* CommentTableViewCell.swift in Sources */ = {isa = PBXBuildFile; fileRef = A558A0172BD63CF6000C1B9D /* CommentTableViewCell.swift */; };
		A558A01A2BD66333000C1B9D /* CommentQuery.swift in Sources */ = {isa = PBXBuildFile; fileRef = A558A0192BD66333000C1B9D /* CommentQuery.swift */; };
		A558A01D2BD6D5E0000C1B9D /* EditCommentViewController.swift in Sources */ = {isa = PBXBuildFile; fileRef = A558A01C2BD6D5DF000C1B9D /* EditCommentViewController.swift */; };
		A558A0392BD8E0F1000C1B9D /* Lottie in Frameworks */ = {isa = PBXBuildFile; productRef = A558A0382BD8E0F1000C1B9D /* Lottie */; };
		A558A0432BD8E957000C1B9D /* loadingAnimation.json in Resources */ = {isa = PBXBuildFile; fileRef = A558A0422BD8E957000C1B9D /* loadingAnimation.json */; };
		A558A0452BD8EB78000C1B9D /* likeAnimation.json in Resources */ = {isa = PBXBuildFile; fileRef = A558A0442BD8EB77000C1B9D /* likeAnimation.json */; };
		A558A0472BD8F22B000C1B9D /* dislikeAnimation.json in Resources */ = {isa = PBXBuildFile; fileRef = A558A0462BD8F22A000C1B9D /* dislikeAnimation.json */; };
		A558A04C2BD95EF9000C1B9D /* RxGesture in Frameworks */ = {isa = PBXBuildFile; productRef = A558A04B2BD95EF9000C1B9D /* RxGesture */; };
		A558A0562BDBAC15000C1B9D /* KeychainSwift in Frameworks */ = {isa = PBXBuildFile; productRef = A558A0552BDBAC15000C1B9D /* KeychainSwift */; };
		A559908F2BCBFED00096B98A /* AppDelegate.swift in Sources */ = {isa = PBXBuildFile; fileRef = A559908E2BCBFED00096B98A /* AppDelegate.swift */; };
		A55990912BCBFED00096B98A /* SceneDelegate.swift in Sources */ = {isa = PBXBuildFile; fileRef = A55990902BCBFED00096B98A /* SceneDelegate.swift */; };
		A55990932BCBFED00096B98A /* ViewController.swift in Sources */ = {isa = PBXBuildFile; fileRef = A55990922BCBFED00096B98A /* ViewController.swift */; };
		A55990962BCBFED00096B98A /* Base in Resources */ = {isa = PBXBuildFile; fileRef = A55990952BCBFED00096B98A /* Base */; };
		A55990982BCBFED20096B98A /* Assets.xcassets in Resources */ = {isa = PBXBuildFile; fileRef = A55990972BCBFED20096B98A /* Assets.xcassets */; };
		A559909B2BCBFED20096B98A /* Base in Resources */ = {isa = PBXBuildFile; fileRef = A559909A2BCBFED20096B98A /* Base */; };
		A55990A52BCC00760096B98A /* SignInViewController.swift in Sources */ = {isa = PBXBuildFile; fileRef = A55990A42BCC00760096B98A /* SignInViewController.swift */; };
		A55990A72BCC00830096B98A /* SignInViewModel.swift in Sources */ = {isa = PBXBuildFile; fileRef = A55990A62BCC00830096B98A /* SignInViewModel.swift */; };
		A55990AA2BCC00C10096B98A /* Alamofire in Frameworks */ = {isa = PBXBuildFile; productRef = A55990A92BCC00C10096B98A /* Alamofire */; };
		A55990AD2BCC00C90096B98A /* Kingfisher in Frameworks */ = {isa = PBXBuildFile; productRef = A55990AC2BCC00C90096B98A /* Kingfisher */; };
		A55990B02BCC01150096B98A /* RxCocoa in Frameworks */ = {isa = PBXBuildFile; productRef = A55990AF2BCC01150096B98A /* RxCocoa */; };
		A55990B22BCC01150096B98A /* RxSwift in Frameworks */ = {isa = PBXBuildFile; productRef = A55990B12BCC01150096B98A /* RxSwift */; };
		A55990B52BCC01290096B98A /* SnapKit in Frameworks */ = {isa = PBXBuildFile; productRef = A55990B42BCC01290096B98A /* SnapKit */; };
		A55990B82BCC012F0096B98A /* Toast in Frameworks */ = {isa = PBXBuildFile; productRef = A55990B72BCC012F0096B98A /* Toast */; };
		A55990BB2BCC015B0096B98A /* PointButton.swift in Sources */ = {isa = PBXBuildFile; fileRef = A55990BA2BCC015B0096B98A /* PointButton.swift */; };
		A55990BE2BCC01C20096B98A /* Color.swift in Sources */ = {isa = PBXBuildFile; fileRef = A55990BD2BCC01C20096B98A /* Color.swift */; };
		A55990C02BCC01F80096B98A /* SignTextField.swift in Sources */ = {isa = PBXBuildFile; fileRef = A55990BF2BCC01F80096B98A /* SignTextField.swift */; };
		A55990C32BCC1A450096B98A /* BaseViewController.swift in Sources */ = {isa = PBXBuildFile; fileRef = A55990C22BCC1A450096B98A /* BaseViewController.swift */; };
		A55990C62BCC1A950096B98A /* UIViewController+Ex.swift in Sources */ = {isa = PBXBuildFile; fileRef = A55990C52BCC1A950096B98A /* UIViewController+Ex.swift */; };
		A55990C92BCC1AB20096B98A /* ReusableID.swift in Sources */ = {isa = PBXBuildFile; fileRef = A55990C82BCC1AB20096B98A /* ReusableID.swift */; };
		A55990CB2BCC1AC30096B98A /* ViewModelType.swift in Sources */ = {isa = PBXBuildFile; fileRef = A55990CA2BCC1AC30096B98A /* ViewModelType.swift */; };
		A55990CD2BCC1B460096B98A /* SignUpViewController.swift in Sources */ = {isa = PBXBuildFile; fileRef = A55990CC2BCC1B460096B98A /* SignUpViewController.swift */; };
		A55990CF2BCC1B6D0096B98A /* SignUpViewModel.swift in Sources */ = {isa = PBXBuildFile; fileRef = A55990CE2BCC1B6D0096B98A /* SignUpViewModel.swift */; };
		A55990D12BCC1B8D0096B98A /* PasswordViewController.swift in Sources */ = {isa = PBXBuildFile; fileRef = A55990D02BCC1B8D0096B98A /* PasswordViewController.swift */; };
		A55990D32BCC1B9E0096B98A /* PasswordViewModel.swift in Sources */ = {isa = PBXBuildFile; fileRef = A55990D22BCC1B9E0096B98A /* PasswordViewModel.swift */; };
		A55990D52BCC1BB60096B98A /* NicknameViewController.swift in Sources */ = {isa = PBXBuildFile; fileRef = A55990D42BCC1BB60096B98A /* NicknameViewController.swift */; };
		A55990D72BCC1BC60096B98A /* NicknameViewModel.swift in Sources */ = {isa = PBXBuildFile; fileRef = A55990D62BCC1BC60096B98A /* NicknameViewModel.swift */; };
		A55990DA2BCC1BE00096B98A /* Router.swift in Sources */ = {isa = PBXBuildFile; fileRef = A55990D92BCC1BE00096B98A /* Router.swift */; };
		A55990DC2BCC1BF60096B98A /* TargetType.swift in Sources */ = {isa = PBXBuildFile; fileRef = A55990DB2BCC1BF60096B98A /* TargetType.swift */; };
		A55990DE2BCC1C020096B98A /* APIKey.swift in Sources */ = {isa = PBXBuildFile; fileRef = A55990DD2BCC1C020096B98A /* APIKey.swift */; };
		A55990E02BCC1C200096B98A /* HTTPHeader.swift in Sources */ = {isa = PBXBuildFile; fileRef = A55990DF2BCC1C200096B98A /* HTTPHeader.swift */; };
		A55990E22BCC1C3B0096B98A /* LoginQuery.swift in Sources */ = {isa = PBXBuildFile; fileRef = A55990E12BCC1C3B0096B98A /* LoginQuery.swift */; };
		A55990E42BCC1C530096B98A /* ValidationEmailQuery.swift in Sources */ = {isa = PBXBuildFile; fileRef = A55990E32BCC1C530096B98A /* ValidationEmailQuery.swift */; };
		A55990E62BCC1C5E0096B98A /* NetworkManager.swift in Sources */ = {isa = PBXBuildFile; fileRef = A55990E52BCC1C5E0096B98A /* NetworkManager.swift */; };
		A55990EA2BCC1DCE0096B98A /* PostViewController.swift in Sources */ = {isa = PBXBuildFile; fileRef = A55990E92BCC1DCE0096B98A /* PostViewController.swift */; };
		A55990EC2BCC1DD90096B98A /* PostViewModel.swift in Sources */ = {isa = PBXBuildFile; fileRef = A55990EB2BCC1DD90096B98A /* PostViewModel.swift */; };
		A55990F12BCC1FE30096B98A /* .gitignore in Resources */ = {isa = PBXBuildFile; fileRef = A55990F02BCC1FE30096B98A /* .gitignore */; };
		A55990F32BCC24AA0096B98A /* JoinQuery.swift in Sources */ = {isa = PBXBuildFile; fileRef = A55990F22BCC24AA0096B98A /* JoinQuery.swift */; };
		A55990F72BCC44670096B98A /* UserDefaultsKeys.swift in Sources */ = {isa = PBXBuildFile; fileRef = A55990F62BCC44670096B98A /* UserDefaultsKeys.swift */; };
		A55990FA2BCC4A190096B98A /* CustomTabbarController.swift in Sources */ = {isa = PBXBuildFile; fileRef = A55990F92BCC4A190096B98A /* CustomTabbarController.swift */; };
		A55990FC2BCCABD50096B98A /* ImagePostQuery.swift in Sources */ = {isa = PBXBuildFile; fileRef = A55990FB2BCCABD50096B98A /* ImagePostQuery.swift */; };
		A58FC0B92BF9E74300E23D45 /* ChatRoomView.swift in Sources */ = {isa = PBXBuildFile; fileRef = A58FC0B82BF9E74300E23D45 /* ChatRoomView.swift */; };
		A58FC0BB2BF9E76A00E23D45 /* ChatRoomViewModel.swift in Sources */ = {isa = PBXBuildFile; fileRef = A58FC0BA2BF9E76A00E23D45 /* ChatRoomViewModel.swift */; };
		A58FC0BD2BFC456800E23D45 /* SocketIOManager.swift in Sources */ = {isa = PBXBuildFile; fileRef = A58FC0BC2BFC456800E23D45 /* SocketIOManager.swift */; };
		A58FC0C02BFC459700E23D45 /* SocketIO in Frameworks */ = {isa = PBXBuildFile; productRef = A58FC0BF2BFC459700E23D45 /* SocketIO */; };
		A58FC0C22BFCE91100E23D45 /* MessageQuery.swift in Sources */ = {isa = PBXBuildFile; fileRef = A58FC0C12BFCE91100E23D45 /* MessageQuery.swift */; };
		A59F22222BE39326003B477D /* EditProfileViewController.swift in Sources */ = {isa = PBXBuildFile; fileRef = A59F22212BE39326003B477D /* EditProfileViewController.swift */; };
		A59F22242BE39330003B477D /* EditProfileViewModel.swift in Sources */ = {isa = PBXBuildFile; fileRef = A59F22232BE39330003B477D /* EditProfileViewModel.swift */; };
		A59F22262BE3C3DE003B477D /* ProfileQuery.swift in Sources */ = {isa = PBXBuildFile; fileRef = A59F22252BE3C3DE003B477D /* ProfileQuery.swift */; };
		A59F22292BE3E92F003B477D /* iamport-ios in Frameworks */ = {isa = PBXBuildFile; productRef = A59F22282BE3E92F003B477D /* iamport-ios */; };
		A59F222C2BE3F200003B477D /* PaymentViewController.swift in Sources */ = {isa = PBXBuildFile; fileRef = A59F222B2BE3F200003B477D /* PaymentViewController.swift */; };
		A59F222E2BE3F7D1003B477D /* BuyerQueryAndModel.swift in Sources */ = {isa = PBXBuildFile; fileRef = A59F222D2BE3F7D1003B477D /* BuyerQueryAndModel.swift */; };
		A59F223A2BE68C38003B477D /* PurchaseListViewController.swift in Sources */ = {isa = PBXBuildFile; fileRef = A59F22392BE68C38003B477D /* PurchaseListViewController.swift */; };
		A59F223C2BE68C7F003B477D /* PurchaseListViewModel.swift in Sources */ = {isa = PBXBuildFile; fileRef = A59F223B2BE68C7F003B477D /* PurchaseListViewModel.swift */; };
		A59F223E2BE6A69D003B477D /* PurchaseListTableViewCell.swift in Sources */ = {isa = PBXBuildFile; fileRef = A59F223D2BE6A69D003B477D /* PurchaseListTableViewCell.swift */; };
		A59F22452BE7C891003B477D /* LoginModel.swift in Sources */ = {isa = PBXBuildFile; fileRef = A59F22442BE7C891003B477D /* LoginModel.swift */; };
		A59F22472BE7C8A0003B477D /* AccessTokenModel.swift in Sources */ = {isa = PBXBuildFile; fileRef = A59F22462BE7C8A0003B477D /* AccessTokenModel.swift */; };
		A59F22492BE7C8AB003B477D /* MessageModel.swift in Sources */ = {isa = PBXBuildFile; fileRef = A59F22482BE7C8AB003B477D /* MessageModel.swift */; };
		A59F224B2BE7C8B7003B477D /* JoinModel.swift in Sources */ = {isa = PBXBuildFile; fileRef = A59F224A2BE7C8B7003B477D /* JoinModel.swift */; };
		A59F224D2BE7C8C3003B477D /* ImageModel.swift in Sources */ = {isa = PBXBuildFile; fileRef = A59F224C2BE7C8C3003B477D /* ImageModel.swift */; };
		A59F224F2BE7C8D0003B477D /* PostModel.swift in Sources */ = {isa = PBXBuildFile; fileRef = A59F224E2BE7C8D0003B477D /* PostModel.swift */; };
		A59F22512BE7C8DD003B477D /* CommentModel.swift in Sources */ = {isa = PBXBuildFile; fileRef = A59F22502BE7C8DD003B477D /* CommentModel.swift */; };
		A59F22532BE7C8EA003B477D /* CreatorModel.swift in Sources */ = {isa = PBXBuildFile; fileRef = A59F22522BE7C8EA003B477D /* CreatorModel.swift */; };
		A59F22552BE7C8F4003B477D /* PostsModel.swift in Sources */ = {isa = PBXBuildFile; fileRef = A59F22542BE7C8F4003B477D /* PostsModel.swift */; };
		A59F22572BE7C900003B477D /* ProfileModel.swift in Sources */ = {isa = PBXBuildFile; fileRef = A59F22562BE7C900003B477D /* ProfileModel.swift */; };
		A59F22592BE7C90B003B477D /* FollowModel.swift in Sources */ = {isa = PBXBuildFile; fileRef = A59F22582BE7C90B003B477D /* FollowModel.swift */; };
		A59F225B2BE7C915003B477D /* PaymentsDataListModel.swift in Sources */ = {isa = PBXBuildFile; fileRef = A59F225A2BE7C915003B477D /* PaymentsDataListModel.swift */; };
		A59F225D2BE7C91D003B477D /* PaymentsDataModel.swift in Sources */ = {isa = PBXBuildFile; fileRef = A59F225C2BE7C91D003B477D /* PaymentsDataModel.swift */; };
		A59F225F2BE7C939003B477D /* NaverImagesModel.swift in Sources */ = {isa = PBXBuildFile; fileRef = A59F225E2BE7C939003B477D /* NaverImagesModel.swift */; };
		A59F22612BE7C945003B477D /* NaverImageModel.swift in Sources */ = {isa = PBXBuildFile; fileRef = A59F22602BE7C945003B477D /* NaverImageModel.swift */; };
		A59F22642BE9342D003B477D /* RxKeyboard in Frameworks */ = {isa = PBXBuildFile; productRef = A59F22632BE9342D003B477D /* RxKeyboard */; };
		A5A92E912BCD5730006434C6 /* Notification.Name+Ex.swift in Sources */ = {isa = PBXBuildFile; fileRef = A5A92E902BCD5730006434C6 /* Notification.Name+Ex.swift */; };
		A5A92E932BCD7632006434C6 /* PostQuery.swift in Sources */ = {isa = PBXBuildFile; fileRef = A5A92E922BCD7632006434C6 /* PostQuery.swift */; };
		A5A92E972BCD79D7006434C6 /* UploadPostViewController.swift in Sources */ = {isa = PBXBuildFile; fileRef = A5A92E962BCD79D7006434C6 /* UploadPostViewController.swift */; };
		A5A92E992BCD888A006434C6 /* UploadPostViewModel.swift in Sources */ = {isa = PBXBuildFile; fileRef = A5A92E982BCD888A006434C6 /* UploadPostViewModel.swift */; };
		A5B4966A2BCECE330079A3B1 /* IQKeyboardManagerSwift in Frameworks */ = {isa = PBXBuildFile; productRef = A5B496692BCECE330079A3B1 /* IQKeyboardManagerSwift */; };
		A5B496772BD045560079A3B1 /* Tabman in Frameworks */ = {isa = PBXBuildFile; productRef = A5B496762BD045560079A3B1 /* Tabman */; };
		A5B4967A2BD0463E0079A3B1 /* TabManController.swift in Sources */ = {isa = PBXBuildFile; fileRef = A5B496792BD0463D0079A3B1 /* TabManController.swift */; };
		A5B4967C2BD04A500079A3B1 /* TotalViewController.swift in Sources */ = {isa = PBXBuildFile; fileRef = A5B4967B2BD04A500079A3B1 /* TotalViewController.swift */; };
		A5B4967F2BD04F330079A3B1 /* ContentPostViewController.swift in Sources */ = {isa = PBXBuildFile; fileRef = A5B4967E2BD04F330079A3B1 /* ContentPostViewController.swift */; };
		A5C9EEE62BE3135900CABA05 /* EditCommentViewModel.swift in Sources */ = {isa = PBXBuildFile; fileRef = A5C9EEE52BE3135900CABA05 /* EditCommentViewModel.swift */; };
		A5FDCAB32BF72014006977B7 /* MessageListViewController.swift in Sources */ = {isa = PBXBuildFile; fileRef = A5FDCAB22BF72014006977B7 /* MessageListViewController.swift */; };
		A5FDCAB52BF72252006977B7 /* MessageListViewModel.swift in Sources */ = {isa = PBXBuildFile; fileRef = A5FDCAB42BF72252006977B7 /* MessageListViewModel.swift */; };
		A5FDCAB72BF7276E006977B7 /* ChatListModel.swift in Sources */ = {isa = PBXBuildFile; fileRef = A5FDCAB62BF7276E006977B7 /* ChatListModel.swift */; };
		A5FDCAB92BF9A4EB006977B7 /* ChatQuery.swift in Sources */ = {isa = PBXBuildFile; fileRef = A5FDCAB82BF9A4EB006977B7 /* ChatQuery.swift */; };
		A5FDCABC2BF9D1CF006977B7 /* ChatRowView.swift in Sources */ = {isa = PBXBuildFile; fileRef = A5FDCABB2BF9D1CF006977B7 /* ChatRowView.swift */; };
/* End PBXBuildFile section */

/* Begin PBXFileReference section */
		A528C7442BDC0A3E00F22167 /* TabmanInProfileViewController.swift */ = {isa = PBXFileReference; lastKnownFileType = sourcecode.swift; path = TabmanInProfileViewController.swift; sourceTree = "<group>"; };
		A528C7462BDC91BA00F22167 /* successLoginAnimation.json */ = {isa = PBXFileReference; fileEncoding = 4; lastKnownFileType = text.json; path = successLoginAnimation.json; sourceTree = "<group>"; };
		A528C7492BDE127E00F22167 /* FollowViewController.swift */ = {isa = PBXFileReference; lastKnownFileType = sourcecode.swift; path = FollowViewController.swift; sourceTree = "<group>"; };
		A528C7B42BDFF13800F22167 /* FollowTableViewCell.swift */ = {isa = PBXFileReference; lastKnownFileType = sourcecode.swift; path = FollowTableViewCell.swift; sourceTree = "<group>"; };
		A5589FAE2BD1F8CC000C1B9D /* PostTableViewCell.swift */ = {isa = PBXFileReference; lastKnownFileType = sourcecode.swift; path = PostTableViewCell.swift; sourceTree = "<group>"; };
		A5589FE82BD2907A000C1B9D /* LikeQuery.swift */ = {isa = PBXFileReference; lastKnownFileType = sourcecode.swift; path = LikeQuery.swift; sourceTree = "<group>"; };
		A5589FEA2BD35C3A000C1B9D /* ImageCollectionViewCell.swift */ = {isa = PBXFileReference; lastKnownFileType = sourcecode.swift; path = ImageCollectionViewCell.swift; sourceTree = "<group>"; };
		A5589FEC2BD37E21000C1B9D /* UIImageView+Ex.swift */ = {isa = PBXFileReference; lastKnownFileType = sourcecode.swift; path = "UIImageView+Ex.swift"; sourceTree = "<group>"; };
		A5589FEE2BD38263000C1B9D /* ContentPostViewModel.swift */ = {isa = PBXFileReference; lastKnownFileType = sourcecode.swift; path = ContentPostViewModel.swift; sourceTree = "<group>"; };
		A5589FF22BD4D271000C1B9D /* Category.swift */ = {isa = PBXFileReference; lastKnownFileType = sourcecode.swift; path = Category.swift; sourceTree = "<group>"; };
		A5589FF42BD4DAA4000C1B9D /* String+Ex.swift */ = {isa = PBXFileReference; lastKnownFileType = sourcecode.swift; path = "String+Ex.swift"; sourceTree = "<group>"; };
		A5589FF72BD4E087000C1B9D /* ProfileViewController.swift */ = {isa = PBXFileReference; lastKnownFileType = sourcecode.swift; path = ProfileViewController.swift; sourceTree = "<group>"; };
		A5589FF92BD4E092000C1B9D /* ProfileViewModel.swift */ = {isa = PBXFileReference; lastKnownFileType = sourcecode.swift; path = ProfileViewModel.swift; sourceTree = "<group>"; };
		A5589FFB2BD520D1000C1B9D /* UICollectionViewFlowLayout+Ex.swift */ = {isa = PBXFileReference; lastKnownFileType = sourcecode.swift; path = "UICollectionViewFlowLayout+Ex.swift"; sourceTree = "<group>"; };
		A5589FFD2BD574A8000C1B9D /* UIScrollView+Ex.swift */ = {isa = PBXFileReference; lastKnownFileType = sourcecode.swift; path = "UIScrollView+Ex.swift"; sourceTree = "<group>"; };
		A558A0132BD637E4000C1B9D /* CommentViewController.swift */ = {isa = PBXFileReference; lastKnownFileType = sourcecode.swift; path = CommentViewController.swift; sourceTree = "<group>"; };
		A558A0152BD637EE000C1B9D /* CommentViewModel.swift */ = {isa = PBXFileReference; lastKnownFileType = sourcecode.swift; path = CommentViewModel.swift; sourceTree = "<group>"; };
		A558A0172BD63CF6000C1B9D /* CommentTableViewCell.swift */ = {isa = PBXFileReference; lastKnownFileType = sourcecode.swift; path = CommentTableViewCell.swift; sourceTree = "<group>"; };
		A558A0192BD66333000C1B9D /* CommentQuery.swift */ = {isa = PBXFileReference; lastKnownFileType = sourcecode.swift; path = CommentQuery.swift; sourceTree = "<group>"; };
		A558A01C2BD6D5DF000C1B9D /* EditCommentViewController.swift */ = {isa = PBXFileReference; lastKnownFileType = sourcecode.swift; path = EditCommentViewController.swift; sourceTree = "<group>"; };
		A558A0422BD8E957000C1B9D /* loadingAnimation.json */ = {isa = PBXFileReference; fileEncoding = 4; lastKnownFileType = text.json; path = loadingAnimation.json; sourceTree = "<group>"; };
		A558A0442BD8EB77000C1B9D /* likeAnimation.json */ = {isa = PBXFileReference; fileEncoding = 4; lastKnownFileType = text.json; path = likeAnimation.json; sourceTree = "<group>"; };
		A558A0462BD8F22A000C1B9D /* dislikeAnimation.json */ = {isa = PBXFileReference; fileEncoding = 4; lastKnownFileType = text.json; path = dislikeAnimation.json; sourceTree = "<group>"; };
		A559908B2BCBFED00096B98A /* BuyOrNot.app */ = {isa = PBXFileReference; explicitFileType = wrapper.application; includeInIndex = 0; path = BuyOrNot.app; sourceTree = BUILT_PRODUCTS_DIR; };
		A559908E2BCBFED00096B98A /* AppDelegate.swift */ = {isa = PBXFileReference; lastKnownFileType = sourcecode.swift; path = AppDelegate.swift; sourceTree = "<group>"; };
		A55990902BCBFED00096B98A /* SceneDelegate.swift */ = {isa = PBXFileReference; lastKnownFileType = sourcecode.swift; path = SceneDelegate.swift; sourceTree = "<group>"; };
		A55990922BCBFED00096B98A /* ViewController.swift */ = {isa = PBXFileReference; lastKnownFileType = sourcecode.swift; path = ViewController.swift; sourceTree = "<group>"; };
		A55990952BCBFED00096B98A /* Base */ = {isa = PBXFileReference; lastKnownFileType = file.storyboard; name = Base; path = Base.lproj/Main.storyboard; sourceTree = "<group>"; };
		A55990972BCBFED20096B98A /* Assets.xcassets */ = {isa = PBXFileReference; lastKnownFileType = folder.assetcatalog; path = Assets.xcassets; sourceTree = "<group>"; };
		A559909A2BCBFED20096B98A /* Base */ = {isa = PBXFileReference; lastKnownFileType = file.storyboard; name = Base; path = Base.lproj/LaunchScreen.storyboard; sourceTree = "<group>"; };
		A559909C2BCBFED20096B98A /* Info.plist */ = {isa = PBXFileReference; lastKnownFileType = text.plist.xml; path = Info.plist; sourceTree = "<group>"; };
		A55990A42BCC00760096B98A /* SignInViewController.swift */ = {isa = PBXFileReference; lastKnownFileType = sourcecode.swift; path = SignInViewController.swift; sourceTree = "<group>"; };
		A55990A62BCC00830096B98A /* SignInViewModel.swift */ = {isa = PBXFileReference; lastKnownFileType = sourcecode.swift; path = SignInViewModel.swift; sourceTree = "<group>"; };
		A55990BA2BCC015B0096B98A /* PointButton.swift */ = {isa = PBXFileReference; lastKnownFileType = sourcecode.swift; path = PointButton.swift; sourceTree = "<group>"; };
		A55990BD2BCC01C20096B98A /* Color.swift */ = {isa = PBXFileReference; lastKnownFileType = sourcecode.swift; path = Color.swift; sourceTree = "<group>"; };
		A55990BF2BCC01F80096B98A /* SignTextField.swift */ = {isa = PBXFileReference; lastKnownFileType = sourcecode.swift; path = SignTextField.swift; sourceTree = "<group>"; };
		A55990C22BCC1A450096B98A /* BaseViewController.swift */ = {isa = PBXFileReference; lastKnownFileType = sourcecode.swift; path = BaseViewController.swift; sourceTree = "<group>"; };
		A55990C52BCC1A950096B98A /* UIViewController+Ex.swift */ = {isa = PBXFileReference; lastKnownFileType = sourcecode.swift; path = "UIViewController+Ex.swift"; sourceTree = "<group>"; };
		A55990C82BCC1AB20096B98A /* ReusableID.swift */ = {isa = PBXFileReference; lastKnownFileType = sourcecode.swift; path = ReusableID.swift; sourceTree = "<group>"; };
		A55990CA2BCC1AC30096B98A /* ViewModelType.swift */ = {isa = PBXFileReference; lastKnownFileType = sourcecode.swift; path = ViewModelType.swift; sourceTree = "<group>"; };
		A55990CC2BCC1B460096B98A /* SignUpViewController.swift */ = {isa = PBXFileReference; lastKnownFileType = sourcecode.swift; path = SignUpViewController.swift; sourceTree = "<group>"; };
		A55990CE2BCC1B6D0096B98A /* SignUpViewModel.swift */ = {isa = PBXFileReference; lastKnownFileType = sourcecode.swift; path = SignUpViewModel.swift; sourceTree = "<group>"; };
		A55990D02BCC1B8D0096B98A /* PasswordViewController.swift */ = {isa = PBXFileReference; lastKnownFileType = sourcecode.swift; path = PasswordViewController.swift; sourceTree = "<group>"; };
		A55990D22BCC1B9E0096B98A /* PasswordViewModel.swift */ = {isa = PBXFileReference; lastKnownFileType = sourcecode.swift; path = PasswordViewModel.swift; sourceTree = "<group>"; };
		A55990D42BCC1BB60096B98A /* NicknameViewController.swift */ = {isa = PBXFileReference; lastKnownFileType = sourcecode.swift; path = NicknameViewController.swift; sourceTree = "<group>"; };
		A55990D62BCC1BC60096B98A /* NicknameViewModel.swift */ = {isa = PBXFileReference; lastKnownFileType = sourcecode.swift; path = NicknameViewModel.swift; sourceTree = "<group>"; };
		A55990D92BCC1BE00096B98A /* Router.swift */ = {isa = PBXFileReference; lastKnownFileType = sourcecode.swift; path = Router.swift; sourceTree = "<group>"; };
		A55990DB2BCC1BF60096B98A /* TargetType.swift */ = {isa = PBXFileReference; lastKnownFileType = sourcecode.swift; path = TargetType.swift; sourceTree = "<group>"; };
		A55990DD2BCC1C020096B98A /* APIKey.swift */ = {isa = PBXFileReference; lastKnownFileType = sourcecode.swift; path = APIKey.swift; sourceTree = "<group>"; };
		A55990DF2BCC1C200096B98A /* HTTPHeader.swift */ = {isa = PBXFileReference; lastKnownFileType = sourcecode.swift; path = HTTPHeader.swift; sourceTree = "<group>"; };
		A55990E12BCC1C3B0096B98A /* LoginQuery.swift */ = {isa = PBXFileReference; lastKnownFileType = sourcecode.swift; path = LoginQuery.swift; sourceTree = "<group>"; };
		A55990E32BCC1C530096B98A /* ValidationEmailQuery.swift */ = {isa = PBXFileReference; lastKnownFileType = sourcecode.swift; path = ValidationEmailQuery.swift; sourceTree = "<group>"; };
		A55990E52BCC1C5E0096B98A /* NetworkManager.swift */ = {isa = PBXFileReference; lastKnownFileType = sourcecode.swift; path = NetworkManager.swift; sourceTree = "<group>"; };
		A55990E92BCC1DCE0096B98A /* PostViewController.swift */ = {isa = PBXFileReference; lastKnownFileType = sourcecode.swift; path = PostViewController.swift; sourceTree = "<group>"; };
		A55990EB2BCC1DD90096B98A /* PostViewModel.swift */ = {isa = PBXFileReference; lastKnownFileType = sourcecode.swift; path = PostViewModel.swift; sourceTree = "<group>"; };
		A55990F02BCC1FE30096B98A /* .gitignore */ = {isa = PBXFileReference; lastKnownFileType = text; path = .gitignore; sourceTree = "<group>"; };
		A55990F22BCC24AA0096B98A /* JoinQuery.swift */ = {isa = PBXFileReference; lastKnownFileType = sourcecode.swift; path = JoinQuery.swift; sourceTree = "<group>"; };
		A55990F62BCC44670096B98A /* UserDefaultsKeys.swift */ = {isa = PBXFileReference; lastKnownFileType = sourcecode.swift; path = UserDefaultsKeys.swift; sourceTree = "<group>"; };
		A55990F92BCC4A190096B98A /* CustomTabbarController.swift */ = {isa = PBXFileReference; lastKnownFileType = sourcecode.swift; path = CustomTabbarController.swift; sourceTree = "<group>"; };
		A55990FB2BCCABD50096B98A /* ImagePostQuery.swift */ = {isa = PBXFileReference; lastKnownFileType = sourcecode.swift; path = ImagePostQuery.swift; sourceTree = "<group>"; };
		A58FC0B82BF9E74300E23D45 /* ChatRoomView.swift */ = {isa = PBXFileReference; lastKnownFileType = sourcecode.swift; path = ChatRoomView.swift; sourceTree = "<group>"; };
		A58FC0BA2BF9E76A00E23D45 /* ChatRoomViewModel.swift */ = {isa = PBXFileReference; lastKnownFileType = sourcecode.swift; path = ChatRoomViewModel.swift; sourceTree = "<group>"; };
		A58FC0BC2BFC456800E23D45 /* SocketIOManager.swift */ = {isa = PBXFileReference; lastKnownFileType = sourcecode.swift; path = SocketIOManager.swift; sourceTree = "<group>"; };
		A58FC0C12BFCE91100E23D45 /* MessageQuery.swift */ = {isa = PBXFileReference; lastKnownFileType = sourcecode.swift; path = MessageQuery.swift; sourceTree = "<group>"; };
		A59F22212BE39326003B477D /* EditProfileViewController.swift */ = {isa = PBXFileReference; lastKnownFileType = sourcecode.swift; path = EditProfileViewController.swift; sourceTree = "<group>"; };
		A59F22232BE39330003B477D /* EditProfileViewModel.swift */ = {isa = PBXFileReference; lastKnownFileType = sourcecode.swift; path = EditProfileViewModel.swift; sourceTree = "<group>"; };
		A59F22252BE3C3DE003B477D /* ProfileQuery.swift */ = {isa = PBXFileReference; lastKnownFileType = sourcecode.swift; path = ProfileQuery.swift; sourceTree = "<group>"; };
		A59F222B2BE3F200003B477D /* PaymentViewController.swift */ = {isa = PBXFileReference; lastKnownFileType = sourcecode.swift; path = PaymentViewController.swift; sourceTree = "<group>"; };
		A59F222D2BE3F7D1003B477D /* BuyerQueryAndModel.swift */ = {isa = PBXFileReference; lastKnownFileType = sourcecode.swift; path = BuyerQueryAndModel.swift; sourceTree = "<group>"; };
		A59F22392BE68C38003B477D /* PurchaseListViewController.swift */ = {isa = PBXFileReference; lastKnownFileType = sourcecode.swift; path = PurchaseListViewController.swift; sourceTree = "<group>"; };
		A59F223B2BE68C7F003B477D /* PurchaseListViewModel.swift */ = {isa = PBXFileReference; lastKnownFileType = sourcecode.swift; path = PurchaseListViewModel.swift; sourceTree = "<group>"; };
		A59F223D2BE6A69D003B477D /* PurchaseListTableViewCell.swift */ = {isa = PBXFileReference; lastKnownFileType = sourcecode.swift; path = PurchaseListTableViewCell.swift; sourceTree = "<group>"; };
		A59F22442BE7C891003B477D /* LoginModel.swift */ = {isa = PBXFileReference; lastKnownFileType = sourcecode.swift; path = LoginModel.swift; sourceTree = "<group>"; };
		A59F22462BE7C8A0003B477D /* AccessTokenModel.swift */ = {isa = PBXFileReference; lastKnownFileType = sourcecode.swift; path = AccessTokenModel.swift; sourceTree = "<group>"; };
		A59F22482BE7C8AB003B477D /* MessageModel.swift */ = {isa = PBXFileReference; lastKnownFileType = sourcecode.swift; path = MessageModel.swift; sourceTree = "<group>"; };
		A59F224A2BE7C8B7003B477D /* JoinModel.swift */ = {isa = PBXFileReference; lastKnownFileType = sourcecode.swift; path = JoinModel.swift; sourceTree = "<group>"; };
		A59F224C2BE7C8C3003B477D /* ImageModel.swift */ = {isa = PBXFileReference; lastKnownFileType = sourcecode.swift; path = ImageModel.swift; sourceTree = "<group>"; };
		A59F224E2BE7C8D0003B477D /* PostModel.swift */ = {isa = PBXFileReference; lastKnownFileType = sourcecode.swift; path = PostModel.swift; sourceTree = "<group>"; };
		A59F22502BE7C8DD003B477D /* CommentModel.swift */ = {isa = PBXFileReference; lastKnownFileType = sourcecode.swift; path = CommentModel.swift; sourceTree = "<group>"; };
		A59F22522BE7C8EA003B477D /* CreatorModel.swift */ = {isa = PBXFileReference; lastKnownFileType = sourcecode.swift; path = CreatorModel.swift; sourceTree = "<group>"; };
		A59F22542BE7C8F4003B477D /* PostsModel.swift */ = {isa = PBXFileReference; lastKnownFileType = sourcecode.swift; path = PostsModel.swift; sourceTree = "<group>"; };
		A59F22562BE7C900003B477D /* ProfileModel.swift */ = {isa = PBXFileReference; lastKnownFileType = sourcecode.swift; path = ProfileModel.swift; sourceTree = "<group>"; };
		A59F22582BE7C90B003B477D /* FollowModel.swift */ = {isa = PBXFileReference; lastKnownFileType = sourcecode.swift; path = FollowModel.swift; sourceTree = "<group>"; };
		A59F225A2BE7C915003B477D /* PaymentsDataListModel.swift */ = {isa = PBXFileReference; lastKnownFileType = sourcecode.swift; path = PaymentsDataListModel.swift; sourceTree = "<group>"; };
		A59F225C2BE7C91D003B477D /* PaymentsDataModel.swift */ = {isa = PBXFileReference; lastKnownFileType = sourcecode.swift; path = PaymentsDataModel.swift; sourceTree = "<group>"; };
		A59F225E2BE7C939003B477D /* NaverImagesModel.swift */ = {isa = PBXFileReference; lastKnownFileType = sourcecode.swift; path = NaverImagesModel.swift; sourceTree = "<group>"; };
		A59F22602BE7C945003B477D /* NaverImageModel.swift */ = {isa = PBXFileReference; lastKnownFileType = sourcecode.swift; path = NaverImageModel.swift; sourceTree = "<group>"; };
		A5A92E902BCD5730006434C6 /* Notification.Name+Ex.swift */ = {isa = PBXFileReference; lastKnownFileType = sourcecode.swift; path = "Notification.Name+Ex.swift"; sourceTree = "<group>"; };
		A5A92E922BCD7632006434C6 /* PostQuery.swift */ = {isa = PBXFileReference; lastKnownFileType = sourcecode.swift; path = PostQuery.swift; sourceTree = "<group>"; };
		A5A92E962BCD79D7006434C6 /* UploadPostViewController.swift */ = {isa = PBXFileReference; lastKnownFileType = sourcecode.swift; path = UploadPostViewController.swift; sourceTree = "<group>"; };
		A5A92E982BCD888A006434C6 /* UploadPostViewModel.swift */ = {isa = PBXFileReference; lastKnownFileType = sourcecode.swift; path = UploadPostViewModel.swift; sourceTree = "<group>"; };
		A5B496792BD0463D0079A3B1 /* TabManController.swift */ = {isa = PBXFileReference; lastKnownFileType = sourcecode.swift; path = TabManController.swift; sourceTree = "<group>"; };
		A5B4967B2BD04A500079A3B1 /* TotalViewController.swift */ = {isa = PBXFileReference; lastKnownFileType = sourcecode.swift; path = TotalViewController.swift; sourceTree = "<group>"; };
		A5B4967E2BD04F330079A3B1 /* ContentPostViewController.swift */ = {isa = PBXFileReference; lastKnownFileType = sourcecode.swift; path = ContentPostViewController.swift; sourceTree = "<group>"; };
		A5C9EEE52BE3135900CABA05 /* EditCommentViewModel.swift */ = {isa = PBXFileReference; lastKnownFileType = sourcecode.swift; path = EditCommentViewModel.swift; sourceTree = "<group>"; };
		A5FDCAB22BF72014006977B7 /* MessageListViewController.swift */ = {isa = PBXFileReference; lastKnownFileType = sourcecode.swift; path = MessageListViewController.swift; sourceTree = "<group>"; };
		A5FDCAB42BF72252006977B7 /* MessageListViewModel.swift */ = {isa = PBXFileReference; lastKnownFileType = sourcecode.swift; path = MessageListViewModel.swift; sourceTree = "<group>"; };
		A5FDCAB62BF7276E006977B7 /* ChatListModel.swift */ = {isa = PBXFileReference; lastKnownFileType = sourcecode.swift; path = ChatListModel.swift; sourceTree = "<group>"; };
		A5FDCAB82BF9A4EB006977B7 /* ChatQuery.swift */ = {isa = PBXFileReference; lastKnownFileType = sourcecode.swift; path = ChatQuery.swift; sourceTree = "<group>"; };
		A5FDCABB2BF9D1CF006977B7 /* ChatRowView.swift */ = {isa = PBXFileReference; lastKnownFileType = sourcecode.swift; path = ChatRowView.swift; sourceTree = "<group>"; };
/* End PBXFileReference section */

/* Begin PBXFrameworksBuildPhase section */
		A55990882BCBFED00096B98A /* Frameworks */ = {
			isa = PBXFrameworksBuildPhase;
			buildActionMask = 2147483647;
			files = (
				A5B4966A2BCECE330079A3B1 /* IQKeyboardManagerSwift in Frameworks */,
				A5B496772BD045560079A3B1 /* Tabman in Frameworks */,
				A558A04C2BD95EF9000C1B9D /* RxGesture in Frameworks */,
				A59F22642BE9342D003B477D /* RxKeyboard in Frameworks */,
				A59F22292BE3E92F003B477D /* iamport-ios in Frameworks */,
				A558A0392BD8E0F1000C1B9D /* Lottie in Frameworks */,
				A55990B82BCC012F0096B98A /* Toast in Frameworks */,
				A55990B02BCC01150096B98A /* RxCocoa in Frameworks */,
				A558A0562BDBAC15000C1B9D /* KeychainSwift in Frameworks */,
				A58FC0C02BFC459700E23D45 /* SocketIO in Frameworks */,
				A55990AD2BCC00C90096B98A /* Kingfisher in Frameworks */,
				A55990B22BCC01150096B98A /* RxSwift in Frameworks */,
				A55990AA2BCC00C10096B98A /* Alamofire in Frameworks */,
				A55990B52BCC01290096B98A /* SnapKit in Frameworks */,
			);
			runOnlyForDeploymentPostprocessing = 0;
		};
/* End PBXFrameworksBuildPhase section */

/* Begin PBXGroup section */
		A528C7482BDE125C00F22167 /* Follow */ = {
			isa = PBXGroup;
			children = (
				A528C7492BDE127E00F22167 /* FollowViewController.swift */,
			);
			path = Follow;
			sourceTree = "<group>";
		};
		A5589FAD2BD1F8A2000C1B9D /* Cell */ = {
			isa = PBXGroup;
			children = (
				A5589FAE2BD1F8CC000C1B9D /* PostTableViewCell.swift */,
				A5589FEA2BD35C3A000C1B9D /* ImageCollectionViewCell.swift */,
				A558A0172BD63CF6000C1B9D /* CommentTableViewCell.swift */,
				A528C7B42BDFF13800F22167 /* FollowTableViewCell.swift */,
				A59F223D2BE6A69D003B477D /* PurchaseListTableViewCell.swift */,
			);
			path = Cell;
			sourceTree = "<group>";
		};
		A5589FF62BD4E054000C1B9D /* Profile */ = {
			isa = PBXGroup;
			children = (
				A5589FF72BD4E087000C1B9D /* ProfileViewController.swift */,
				A5589FF92BD4E092000C1B9D /* ProfileViewModel.swift */,
				A558A0572BDC098B000C1B9D /* Tabman */,
				A59F22202BE39303003B477D /* Edit */,
			);
			path = Profile;
			sourceTree = "<group>";
		};
		A558A0122BD63767000C1B9D /* Comment */ = {
			isa = PBXGroup;
			children = (
				A558A0132BD637E4000C1B9D /* CommentViewController.swift */,
				A558A0152BD637EE000C1B9D /* CommentViewModel.swift */,
				A558A01B2BD6D5C2000C1B9D /* Edit */,
			);
			path = Comment;
			sourceTree = "<group>";
		};
		A558A01B2BD6D5C2000C1B9D /* Edit */ = {
			isa = PBXGroup;
			children = (
				A558A01C2BD6D5DF000C1B9D /* EditCommentViewController.swift */,
				A5C9EEE52BE3135900CABA05 /* EditCommentViewModel.swift */,
			);
			path = Edit;
			sourceTree = "<group>";
		};
		A558A0572BDC098B000C1B9D /* Tabman */ = {
			isa = PBXGroup;
			children = (
				A528C7442BDC0A3E00F22167 /* TabmanInProfileViewController.swift */,
			);
			path = Tabman;
			sourceTree = "<group>";
		};
		A55990822BCBFED00096B98A = {
			isa = PBXGroup;
			children = (
				A559908D2BCBFED00096B98A /* BuyOrNot */,
				A558A0422BD8E957000C1B9D /* loadingAnimation.json */,
				A558A0442BD8EB77000C1B9D /* likeAnimation.json */,
				A558A0462BD8F22A000C1B9D /* dislikeAnimation.json */,
				A528C7462BDC91BA00F22167 /* successLoginAnimation.json */,
				A559908C2BCBFED00096B98A /* Products */,
			);
			sourceTree = "<group>";
		};
		A559908C2BCBFED00096B98A /* Products */ = {
			isa = PBXGroup;
			children = (
				A559908B2BCBFED00096B98A /* BuyOrNot.app */,
			);
			name = Products;
			sourceTree = "<group>";
		};
		A559908D2BCBFED00096B98A /* BuyOrNot */ = {
			isa = PBXGroup;
			children = (
				A55990D82BCC1BD50096B98A /* Network */,
				A55990A22BCBFF9C0096B98A /* SignIn */,
				A55990A32BCBFFB50096B98A /* SignUp */,
				A55990F82BCC49FF0096B98A /* Tabbar */,
				A55990E72BCC1D460096B98A /* Posts */,
				A5FDCAB12BF71FF4006977B7 /* MessageList */,
				A5FDCABA2BF9C8BD006977B7 /* Message */,
				A59F222A2BE3F1DA003B477D /* Payment */,
				A558A0122BD63767000C1B9D /* Comment */,
				A5B4967D2BD04F160079A3B1 /* ContentPost */,
				A5589FF62BD4E054000C1B9D /* Profile */,
				A528C7482BDE125C00F22167 /* Follow */,
				A59F22382BE68BBB003B477D /* PurchaseList */,
				A5A92E952BCD79B3006434C6 /* UploadPost */,
				A5589FAD2BD1F8A2000C1B9D /* Cell */,
				A55990C72BCC1AA00096B98A /* Protocol */,
				A55990C42BCC1A870096B98A /* Extension */,
				A55990C12BCC1A330096B98A /* Base */,
				A55990BC2BCC01B80096B98A /* Resource */,
				A55990B92BCC01470096B98A /* CustomView */,
				A559908E2BCBFED00096B98A /* AppDelegate.swift */,
				A55990902BCBFED00096B98A /* SceneDelegate.swift */,
				A55990922BCBFED00096B98A /* ViewController.swift */,
				A55990942BCBFED00096B98A /* Main.storyboard */,
				A55990972BCBFED20096B98A /* Assets.xcassets */,
				A55990992BCBFED20096B98A /* LaunchScreen.storyboard */,
				A559909C2BCBFED20096B98A /* Info.plist */,
				A55990F02BCC1FE30096B98A /* .gitignore */,
				A5B496782BD045720079A3B1 /* useless */,
			);
			path = BuyOrNot;
			sourceTree = "<group>";
		};
		A55990A22BCBFF9C0096B98A /* SignIn */ = {
			isa = PBXGroup;
			children = (
				A55990A42BCC00760096B98A /* SignInViewController.swift */,
				A55990A62BCC00830096B98A /* SignInViewModel.swift */,
			);
			path = SignIn;
			sourceTree = "<group>";
		};
		A55990A32BCBFFB50096B98A /* SignUp */ = {
			isa = PBXGroup;
			children = (
				A55990CC2BCC1B460096B98A /* SignUpViewController.swift */,
				A55990CE2BCC1B6D0096B98A /* SignUpViewModel.swift */,
				A55990D02BCC1B8D0096B98A /* PasswordViewController.swift */,
				A55990D22BCC1B9E0096B98A /* PasswordViewModel.swift */,
				A55990D42BCC1BB60096B98A /* NicknameViewController.swift */,
				A55990D62BCC1BC60096B98A /* NicknameViewModel.swift */,
			);
			path = SignUp;
			sourceTree = "<group>";
		};
		A55990B92BCC01470096B98A /* CustomView */ = {
			isa = PBXGroup;
			children = (
				A55990BA2BCC015B0096B98A /* PointButton.swift */,
				A55990BF2BCC01F80096B98A /* SignTextField.swift */,
			);
			path = CustomView;
			sourceTree = "<group>";
		};
		A55990BC2BCC01B80096B98A /* Resource */ = {
			isa = PBXGroup;
			children = (
				A5589FF22BD4D271000C1B9D /* Category.swift */,
				A55990BD2BCC01C20096B98A /* Color.swift */,
				A55990F62BCC44670096B98A /* UserDefaultsKeys.swift */,
			);
			path = Resource;
			sourceTree = "<group>";
		};
		A55990C12BCC1A330096B98A /* Base */ = {
			isa = PBXGroup;
			children = (
				A55990C22BCC1A450096B98A /* BaseViewController.swift */,
			);
			path = Base;
			sourceTree = "<group>";
		};
		A55990C42BCC1A870096B98A /* Extension */ = {
			isa = PBXGroup;
			children = (
				A55990C52BCC1A950096B98A /* UIViewController+Ex.swift */,
				A5A92E902BCD5730006434C6 /* Notification.Name+Ex.swift */,
				A5589FEC2BD37E21000C1B9D /* UIImageView+Ex.swift */,
				A5589FF42BD4DAA4000C1B9D /* String+Ex.swift */,
				A5589FFB2BD520D1000C1B9D /* UICollectionViewFlowLayout+Ex.swift */,
				A5589FFD2BD574A8000C1B9D /* UIScrollView+Ex.swift */,
			);
			path = Extension;
			sourceTree = "<group>";
		};
		A55990C72BCC1AA00096B98A /* Protocol */ = {
			isa = PBXGroup;
			children = (
				A55990C82BCC1AB20096B98A /* ReusableID.swift */,
				A55990CA2BCC1AC30096B98A /* ViewModelType.swift */,
			);
			path = Protocol;
			sourceTree = "<group>";
		};
		A55990D82BCC1BD50096B98A /* Network */ = {
			isa = PBXGroup;
			children = (
				A5B496652BCE9CB90079A3B1 /* Model */,
				A5A92E942BCD77E5006434C6 /* Query */,
				A55990D92BCC1BE00096B98A /* Router.swift */,
				A55990DB2BCC1BF60096B98A /* TargetType.swift */,
				A55990DF2BCC1C200096B98A /* HTTPHeader.swift */,
				A55990DD2BCC1C020096B98A /* APIKey.swift */,
				A55990E52BCC1C5E0096B98A /* NetworkManager.swift */,
			);
			path = Network;
			sourceTree = "<group>";
		};
		A55990E72BCC1D460096B98A /* Posts */ = {
			isa = PBXGroup;
			children = (
				A55990E92BCC1DCE0096B98A /* PostViewController.swift */,
				A55990EB2BCC1DD90096B98A /* PostViewModel.swift */,
			);
			path = Posts;
			sourceTree = "<group>";
		};
		A55990F82BCC49FF0096B98A /* Tabbar */ = {
			isa = PBXGroup;
			children = (
				A55990F92BCC4A190096B98A /* CustomTabbarController.swift */,
			);
			path = Tabbar;
			sourceTree = "<group>";
		};
		A59F22202BE39303003B477D /* Edit */ = {
			isa = PBXGroup;
			children = (
				A59F22212BE39326003B477D /* EditProfileViewController.swift */,
				A59F22232BE39330003B477D /* EditProfileViewModel.swift */,
			);
			path = Edit;
			sourceTree = "<group>";
		};
		A59F222A2BE3F1DA003B477D /* Payment */ = {
			isa = PBXGroup;
			children = (
				A59F222B2BE3F200003B477D /* PaymentViewController.swift */,
			);
			path = Payment;
			sourceTree = "<group>";
		};
		A59F22382BE68BBB003B477D /* PurchaseList */ = {
			isa = PBXGroup;
			children = (
				A59F22392BE68C38003B477D /* PurchaseListViewController.swift */,
				A59F223B2BE68C7F003B477D /* PurchaseListViewModel.swift */,
			);
			path = PurchaseList;
			sourceTree = "<group>";
		};
		A5A92E942BCD77E5006434C6 /* Query */ = {
			isa = PBXGroup;
			children = (
				A55990E12BCC1C3B0096B98A /* LoginQuery.swift */,
				A55990E32BCC1C530096B98A /* ValidationEmailQuery.swift */,
				A55990F22BCC24AA0096B98A /* JoinQuery.swift */,
				A55990FB2BCCABD50096B98A /* ImagePostQuery.swift */,
				A5A92E922BCD7632006434C6 /* PostQuery.swift */,
				A5589FE82BD2907A000C1B9D /* LikeQuery.swift */,
				A558A0192BD66333000C1B9D /* CommentQuery.swift */,
				A59F22252BE3C3DE003B477D /* ProfileQuery.swift */,
				A59F222D2BE3F7D1003B477D /* BuyerQueryAndModel.swift */,
				A5FDCAB82BF9A4EB006977B7 /* ChatQuery.swift */,
				A58FC0C12BFCE91100E23D45 /* MessageQuery.swift */,
			);
			path = Query;
			sourceTree = "<group>";
		};
		A5A92E952BCD79B3006434C6 /* UploadPost */ = {
			isa = PBXGroup;
			children = (
				A5A92E962BCD79D7006434C6 /* UploadPostViewController.swift */,
				A5A92E982BCD888A006434C6 /* UploadPostViewModel.swift */,
			);
			path = UploadPost;
			sourceTree = "<group>";
		};
		A5B496652BCE9CB90079A3B1 /* Model */ = {
			isa = PBXGroup;
			children = (
				A59F22482BE7C8AB003B477D /* MessageModel.swift */,
				A59F22442BE7C891003B477D /* LoginModel.swift */,
				A59F22462BE7C8A0003B477D /* AccessTokenModel.swift */,
				A59F224A2BE7C8B7003B477D /* JoinModel.swift */,
				A59F224C2BE7C8C3003B477D /* ImageModel.swift */,
				A59F22502BE7C8DD003B477D /* CommentModel.swift */,
				A59F22522BE7C8EA003B477D /* CreatorModel.swift */,
				A59F22542BE7C8F4003B477D /* PostsModel.swift */,
				A59F22562BE7C900003B477D /* ProfileModel.swift */,
				A59F224E2BE7C8D0003B477D /* PostModel.swift */,
				A59F22582BE7C90B003B477D /* FollowModel.swift */,
				A59F225A2BE7C915003B477D /* PaymentsDataListModel.swift */,
				A59F225C2BE7C91D003B477D /* PaymentsDataModel.swift */,
				A59F225E2BE7C939003B477D /* NaverImagesModel.swift */,
				A59F22602BE7C945003B477D /* NaverImageModel.swift */,
				A5FDCAB62BF7276E006977B7 /* ChatListModel.swift */,
			);
			path = Model;
			sourceTree = "<group>";
		};
		A5B496782BD045720079A3B1 /* useless */ = {
			isa = PBXGroup;
			children = (
				A5B4967B2BD04A500079A3B1 /* TotalViewController.swift */,
				A5B496792BD0463D0079A3B1 /* TabManController.swift */,
			);
			path = useless;
			sourceTree = "<group>";
		};
		A5B4967D2BD04F160079A3B1 /* ContentPost */ = {
			isa = PBXGroup;
			children = (
				A5B4967E2BD04F330079A3B1 /* ContentPostViewController.swift */,
				A5589FEE2BD38263000C1B9D /* ContentPostViewModel.swift */,
			);
			path = ContentPost;
			sourceTree = "<group>";
		};
		A5FDCAB12BF71FF4006977B7 /* MessageList */ = {
			isa = PBXGroup;
			children = (
				A5FDCAB22BF72014006977B7 /* MessageListViewController.swift */,
				A5FDCAB42BF72252006977B7 /* MessageListViewModel.swift */,
			);
			path = MessageList;
			sourceTree = "<group>";
		};
		A5FDCABA2BF9C8BD006977B7 /* Message */ = {
			isa = PBXGroup;
			children = (
				A58FC0B82BF9E74300E23D45 /* ChatRoomView.swift */,
				A58FC0BA2BF9E76A00E23D45 /* ChatRoomViewModel.swift */,
				A5FDCABB2BF9D1CF006977B7 /* ChatRowView.swift */,
				A58FC0BC2BFC456800E23D45 /* SocketIOManager.swift */,
			);
			path = Message;
			sourceTree = "<group>";
		};
/* End PBXGroup section */

/* Begin PBXNativeTarget section */
		A559908A2BCBFED00096B98A /* BuyOrNot */ = {
			isa = PBXNativeTarget;
			buildConfigurationList = A559909F2BCBFED20096B98A /* Build configuration list for PBXNativeTarget "BuyOrNot" */;
			buildPhases = (
				A55990872BCBFED00096B98A /* Sources */,
				A55990882BCBFED00096B98A /* Frameworks */,
				A55990892BCBFED00096B98A /* Resources */,
			);
			buildRules = (
			);
			dependencies = (
			);
			name = BuyOrNot;
			packageProductDependencies = (
				A55990A92BCC00C10096B98A /* Alamofire */,
				A55990AC2BCC00C90096B98A /* Kingfisher */,
				A55990AF2BCC01150096B98A /* RxCocoa */,
				A55990B12BCC01150096B98A /* RxSwift */,
				A55990B42BCC01290096B98A /* SnapKit */,
				A55990B72BCC012F0096B98A /* Toast */,
				A5B496692BCECE330079A3B1 /* IQKeyboardManagerSwift */,
				A5B496762BD045560079A3B1 /* Tabman */,
				A558A0382BD8E0F1000C1B9D /* Lottie */,
				A558A04B2BD95EF9000C1B9D /* RxGesture */,
				A558A0552BDBAC15000C1B9D /* KeychainSwift */,
				A59F22282BE3E92F003B477D /* iamport-ios */,
				A59F22632BE9342D003B477D /* RxKeyboard */,
				A58FC0BF2BFC459700E23D45 /* SocketIO */,
			);
			productName = BuyOrNot;
			productReference = A559908B2BCBFED00096B98A /* BuyOrNot.app */;
			productType = "com.apple.product-type.application";
		};
/* End PBXNativeTarget section */

/* Begin PBXProject section */
		A55990832BCBFED00096B98A /* Project object */ = {
			isa = PBXProject;
			attributes = {
				BuildIndependentTargetsInParallel = 1;
				LastSwiftUpdateCheck = 1530;
				LastUpgradeCheck = 1530;
				TargetAttributes = {
					A559908A2BCBFED00096B98A = {
						CreatedOnToolsVersion = 15.3;
					};
				};
			};
			buildConfigurationList = A55990862BCBFED00096B98A /* Build configuration list for PBXProject "BuyOrNot" */;
			compatibilityVersion = "Xcode 14.0";
			developmentRegion = en;
			hasScannedForEncodings = 0;
			knownRegions = (
				en,
				Base,
			);
			mainGroup = A55990822BCBFED00096B98A;
			packageReferences = (
				A55990A82BCC00C10096B98A /* XCRemoteSwiftPackageReference "Alamofire" */,
				A55990AB2BCC00C90096B98A /* XCRemoteSwiftPackageReference "Kingfisher" */,
				A55990AE2BCC01150096B98A /* XCRemoteSwiftPackageReference "RxSwift" */,
				A55990B32BCC01290096B98A /* XCRemoteSwiftPackageReference "SnapKit" */,
				A55990B62BCC012F0096B98A /* XCRemoteSwiftPackageReference "Toast-Swift" */,
				A5B496682BCECE330079A3B1 /* XCRemoteSwiftPackageReference "IQKeyboardManager" */,
				A5B496752BD045560079A3B1 /* XCRemoteSwiftPackageReference "Tabman" */,
				A558A0372BD8E0F1000C1B9D /* XCRemoteSwiftPackageReference "lottie-spm" */,
				A558A04A2BD95EF9000C1B9D /* XCRemoteSwiftPackageReference "RxGesture" */,
				A558A0542BDBAC15000C1B9D /* XCRemoteSwiftPackageReference "keychain-swift" */,
				A59F22272BE3E92F003B477D /* XCRemoteSwiftPackageReference "iamport-ios" */,
				A59F22622BE9342D003B477D /* XCRemoteSwiftPackageReference "RxKeyboard" */,
				A58FC0BE2BFC459700E23D45 /* XCRemoteSwiftPackageReference "socket.io-client-swift" */,
			);
			productRefGroup = A559908C2BCBFED00096B98A /* Products */;
			projectDirPath = "";
			projectRoot = "";
			targets = (
				A559908A2BCBFED00096B98A /* BuyOrNot */,
			);
		};
/* End PBXProject section */

/* Begin PBXResourcesBuildPhase section */
		A55990892BCBFED00096B98A /* Resources */ = {
			isa = PBXResourcesBuildPhase;
			buildActionMask = 2147483647;
			files = (
				A558A0432BD8E957000C1B9D /* loadingAnimation.json in Resources */,
				A528C7472BDC91BA00F22167 /* successLoginAnimation.json in Resources */,
				A55990F12BCC1FE30096B98A /* .gitignore in Resources */,
				A55990982BCBFED20096B98A /* Assets.xcassets in Resources */,
				A558A0452BD8EB78000C1B9D /* likeAnimation.json in Resources */,
				A559909B2BCBFED20096B98A /* Base in Resources */,
				A558A0472BD8F22B000C1B9D /* dislikeAnimation.json in Resources */,
				A55990962BCBFED00096B98A /* Base in Resources */,
			);
			runOnlyForDeploymentPostprocessing = 0;
		};
/* End PBXResourcesBuildPhase section */

/* Begin PBXSourcesBuildPhase section */
		A55990872BCBFED00096B98A /* Sources */ = {
			isa = PBXSourcesBuildPhase;
			buildActionMask = 2147483647;
			files = (
				A558A01D2BD6D5E0000C1B9D /* EditCommentViewController.swift in Sources */,
				A55990DC2BCC1BF60096B98A /* TargetType.swift in Sources */,
				A55990DE2BCC1C020096B98A /* APIKey.swift in Sources */,
				A55990C02BCC01F80096B98A /* SignTextField.swift in Sources */,
				A5B4967F2BD04F330079A3B1 /* ContentPostViewController.swift in Sources */,
				A59F22552BE7C8F4003B477D /* PostsModel.swift in Sources */,
				A55990D32BCC1B9E0096B98A /* PasswordViewModel.swift in Sources */,
				A558A0142BD637E4000C1B9D /* CommentViewController.swift in Sources */,
				A55990F32BCC24AA0096B98A /* JoinQuery.swift in Sources */,
				A55990D72BCC1BC60096B98A /* NicknameViewModel.swift in Sources */,
				A55990C62BCC1A950096B98A /* UIViewController+Ex.swift in Sources */,
				A59F22532BE7C8EA003B477D /* CreatorModel.swift in Sources */,
				A5FDCAB32BF72014006977B7 /* MessageListViewController.swift in Sources */,
				A55990E42BCC1C530096B98A /* ValidationEmailQuery.swift in Sources */,
				A58FC0C22BFCE91100E23D45 /* MessageQuery.swift in Sources */,
				A5589FFC2BD520D1000C1B9D /* UICollectionViewFlowLayout+Ex.swift in Sources */,
				A5FDCAB72BF7276E006977B7 /* ChatListModel.swift in Sources */,
				A59F22492BE7C8AB003B477D /* MessageModel.swift in Sources */,
				A55990A52BCC00760096B98A /* SignInViewController.swift in Sources */,
				A59F22452BE7C891003B477D /* LoginModel.swift in Sources */,
				A59F223C2BE68C7F003B477D /* PurchaseListViewModel.swift in Sources */,
				A5589FE92BD2907A000C1B9D /* LikeQuery.swift in Sources */,
				A55990D52BCC1BB60096B98A /* NicknameViewController.swift in Sources */,
				A5589FED2BD37E21000C1B9D /* UIImageView+Ex.swift in Sources */,
				A58FC0BD2BFC456800E23D45 /* SocketIOManager.swift in Sources */,
				A528C7452BDC0A3E00F22167 /* TabmanInProfileViewController.swift in Sources */,
				A55990FA2BCC4A190096B98A /* CustomTabbarController.swift in Sources */,
				A558A0162BD637EE000C1B9D /* CommentViewModel.swift in Sources */,
				A59F22512BE7C8DD003B477D /* CommentModel.swift in Sources */,
				A59F222C2BE3F200003B477D /* PaymentViewController.swift in Sources */,
				A528C7B52BDFF13800F22167 /* FollowTableViewCell.swift in Sources */,
				A5589FFE2BD574A8000C1B9D /* UIScrollView+Ex.swift in Sources */,
				A55990E02BCC1C200096B98A /* HTTPHeader.swift in Sources */,
				A5589FF52BD4DAA5000C1B9D /* String+Ex.swift in Sources */,
				A55990EA2BCC1DCE0096B98A /* PostViewController.swift in Sources */,
				A558A0182BD63CF6000C1B9D /* CommentTableViewCell.swift in Sources */,
				A59F22262BE3C3DE003B477D /* ProfileQuery.swift in Sources */,
				A5A92E932BCD7632006434C6 /* PostQuery.swift in Sources */,
				A55990F72BCC44670096B98A /* UserDefaultsKeys.swift in Sources */,
				A59F22612BE7C945003B477D /* NaverImageModel.swift in Sources */,
				A55990DA2BCC1BE00096B98A /* Router.swift in Sources */,
				A5FDCABC2BF9D1CF006977B7 /* ChatRowView.swift in Sources */,
				A55990932BCBFED00096B98A /* ViewController.swift in Sources */,
				A5A92E972BCD79D7006434C6 /* UploadPostViewController.swift in Sources */,
				A59F22572BE7C900003B477D /* ProfileModel.swift in Sources */,
				A55990BE2BCC01C20096B98A /* Color.swift in Sources */,
				A5B4967C2BD04A500079A3B1 /* TotalViewController.swift in Sources */,
				A5589FFA2BD4E092000C1B9D /* ProfileViewModel.swift in Sources */,
				A5FDCAB92BF9A4EB006977B7 /* ChatQuery.swift in Sources */,
				A58FC0B92BF9E74300E23D45 /* ChatRoomView.swift in Sources */,
				A55990BB2BCC015B0096B98A /* PointButton.swift in Sources */,
				A5589FEB2BD35C3A000C1B9D /* ImageCollectionViewCell.swift in Sources */,
				A55990CF2BCC1B6D0096B98A /* SignUpViewModel.swift in Sources */,
				A59F225B2BE7C915003B477D /* PaymentsDataListModel.swift in Sources */,
				A5A92E912BCD5730006434C6 /* Notification.Name+Ex.swift in Sources */,
				A59F225D2BE7C91D003B477D /* PaymentsDataModel.swift in Sources */,
				A5B4967A2BD0463E0079A3B1 /* TabManController.swift in Sources */,
				A59F22472BE7C8A0003B477D /* AccessTokenModel.swift in Sources */,
				A55990C32BCC1A450096B98A /* BaseViewController.swift in Sources */,
				A5589FAF2BD1F8CC000C1B9D /* PostTableViewCell.swift in Sources */,
				A559908F2BCBFED00096B98A /* AppDelegate.swift in Sources */,
				A58FC0BB2BF9E76A00E23D45 /* ChatRoomViewModel.swift in Sources */,
				A5C9EEE62BE3135900CABA05 /* EditCommentViewModel.swift in Sources */,
				A55990CB2BCC1AC30096B98A /* ViewModelType.swift in Sources */,
				A59F22242BE39330003B477D /* EditProfileViewModel.swift in Sources */,
				A59F22592BE7C90B003B477D /* FollowModel.swift in Sources */,
				A5FDCAB52BF72252006977B7 /* MessageListViewModel.swift in Sources */,
				A55990E22BCC1C3B0096B98A /* LoginQuery.swift in Sources */,
				A5589FF82BD4E087000C1B9D /* ProfileViewController.swift in Sources */,
				A55990A72BCC00830096B98A /* SignInViewModel.swift in Sources */,
				A55990D12BCC1B8D0096B98A /* PasswordViewController.swift in Sources */,
				A59F222E2BE3F7D1003B477D /* BuyerQueryAndModel.swift in Sources */,
				A5A92E992BCD888A006434C6 /* UploadPostViewModel.swift in Sources */,
				A55990C92BCC1AB20096B98A /* ReusableID.swift in Sources */,
				A59F224D2BE7C8C3003B477D /* ImageModel.swift in Sources */,
				A5589FEF2BD38263000C1B9D /* ContentPostViewModel.swift in Sources */,
				A59F224B2BE7C8B7003B477D /* JoinModel.swift in Sources */,
				A55990E62BCC1C5E0096B98A /* NetworkManager.swift in Sources */,
				A59F223A2BE68C38003B477D /* PurchaseListViewController.swift in Sources */,
				A55990FC2BCCABD50096B98A /* ImagePostQuery.swift in Sources */,
				A5589FF32BD4D271000C1B9D /* Category.swift in Sources */,
				A59F22222BE39326003B477D /* EditProfileViewController.swift in Sources */,
				A558A01A2BD66333000C1B9D /* CommentQuery.swift in Sources */,
				A55990CD2BCC1B460096B98A /* SignUpViewController.swift in Sources */,
				A59F225F2BE7C939003B477D /* NaverImagesModel.swift in Sources */,
				A528C74A2BDE127E00F22167 /* FollowViewController.swift in Sources */,
				A59F223E2BE6A69D003B477D /* PurchaseListTableViewCell.swift in Sources */,
				A55990EC2BCC1DD90096B98A /* PostViewModel.swift in Sources */,
				A55990912BCBFED00096B98A /* SceneDelegate.swift in Sources */,
				A59F224F2BE7C8D0003B477D /* PostModel.swift in Sources */,
			);
			runOnlyForDeploymentPostprocessing = 0;
		};
/* End PBXSourcesBuildPhase section */

/* Begin PBXVariantGroup section */
		A55990942BCBFED00096B98A /* Main.storyboard */ = {
			isa = PBXVariantGroup;
			children = (
				A55990952BCBFED00096B98A /* Base */,
			);
			name = Main.storyboard;
			sourceTree = "<group>";
		};
		A55990992BCBFED20096B98A /* LaunchScreen.storyboard */ = {
			isa = PBXVariantGroup;
			children = (
				A559909A2BCBFED20096B98A /* Base */,
			);
			name = LaunchScreen.storyboard;
			sourceTree = "<group>";
		};
/* End PBXVariantGroup section */

/* Begin XCBuildConfiguration section */
		A559909D2BCBFED20096B98A /* Debug */ = {
			isa = XCBuildConfiguration;
			buildSettings = {
				ALWAYS_SEARCH_USER_PATHS = NO;
				ASSETCATALOG_COMPILER_GENERATE_SWIFT_ASSET_SYMBOL_EXTENSIONS = YES;
				CLANG_ANALYZER_NONNULL = YES;
				CLANG_ANALYZER_NUMBER_OBJECT_CONVERSION = YES_AGGRESSIVE;
				CLANG_CXX_LANGUAGE_STANDARD = "gnu++20";
				CLANG_ENABLE_MODULES = YES;
				CLANG_ENABLE_OBJC_ARC = YES;
				CLANG_ENABLE_OBJC_WEAK = YES;
				CLANG_WARN_BLOCK_CAPTURE_AUTORELEASING = YES;
				CLANG_WARN_BOOL_CONVERSION = YES;
				CLANG_WARN_COMMA = YES;
				CLANG_WARN_CONSTANT_CONVERSION = YES;
				CLANG_WARN_DEPRECATED_OBJC_IMPLEMENTATIONS = YES;
				CLANG_WARN_DIRECT_OBJC_ISA_USAGE = YES_ERROR;
				CLANG_WARN_DOCUMENTATION_COMMENTS = YES;
				CLANG_WARN_EMPTY_BODY = YES;
				CLANG_WARN_ENUM_CONVERSION = YES;
				CLANG_WARN_INFINITE_RECURSION = YES;
				CLANG_WARN_INT_CONVERSION = YES;
				CLANG_WARN_NON_LITERAL_NULL_CONVERSION = YES;
				CLANG_WARN_OBJC_IMPLICIT_RETAIN_SELF = YES;
				CLANG_WARN_OBJC_LITERAL_CONVERSION = YES;
				CLANG_WARN_OBJC_ROOT_CLASS = YES_ERROR;
				CLANG_WARN_QUOTED_INCLUDE_IN_FRAMEWORK_HEADER = YES;
				CLANG_WARN_RANGE_LOOP_ANALYSIS = YES;
				CLANG_WARN_STRICT_PROTOTYPES = YES;
				CLANG_WARN_SUSPICIOUS_MOVE = YES;
				CLANG_WARN_UNGUARDED_AVAILABILITY = YES_AGGRESSIVE;
				CLANG_WARN_UNREACHABLE_CODE = YES;
				CLANG_WARN__DUPLICATE_METHOD_MATCH = YES;
				COPY_PHASE_STRIP = NO;
				DEBUG_INFORMATION_FORMAT = dwarf;
				ENABLE_STRICT_OBJC_MSGSEND = YES;
				ENABLE_TESTABILITY = YES;
				ENABLE_USER_SCRIPT_SANDBOXING = YES;
				GCC_C_LANGUAGE_STANDARD = gnu17;
				GCC_DYNAMIC_NO_PIC = NO;
				GCC_NO_COMMON_BLOCKS = YES;
				GCC_OPTIMIZATION_LEVEL = 0;
				GCC_PREPROCESSOR_DEFINITIONS = (
					"DEBUG=1",
					"$(inherited)",
				);
				GCC_WARN_64_TO_32_BIT_CONVERSION = YES;
				GCC_WARN_ABOUT_RETURN_TYPE = YES_ERROR;
				GCC_WARN_UNDECLARED_SELECTOR = YES;
				GCC_WARN_UNINITIALIZED_AUTOS = YES_AGGRESSIVE;
				GCC_WARN_UNUSED_FUNCTION = YES;
				GCC_WARN_UNUSED_VARIABLE = YES;
				IPHONEOS_DEPLOYMENT_TARGET = 17.4;
				LOCALIZATION_PREFERS_STRING_CATALOGS = YES;
				MTL_ENABLE_DEBUG_INFO = INCLUDE_SOURCE;
				MTL_FAST_MATH = YES;
				ONLY_ACTIVE_ARCH = YES;
				SDKROOT = iphoneos;
				SWIFT_ACTIVE_COMPILATION_CONDITIONS = "DEBUG $(inherited)";
				SWIFT_OPTIMIZATION_LEVEL = "-Onone";
			};
			name = Debug;
		};
		A559909E2BCBFED20096B98A /* Release */ = {
			isa = XCBuildConfiguration;
			buildSettings = {
				ALWAYS_SEARCH_USER_PATHS = NO;
				ASSETCATALOG_COMPILER_GENERATE_SWIFT_ASSET_SYMBOL_EXTENSIONS = YES;
				CLANG_ANALYZER_NONNULL = YES;
				CLANG_ANALYZER_NUMBER_OBJECT_CONVERSION = YES_AGGRESSIVE;
				CLANG_CXX_LANGUAGE_STANDARD = "gnu++20";
				CLANG_ENABLE_MODULES = YES;
				CLANG_ENABLE_OBJC_ARC = YES;
				CLANG_ENABLE_OBJC_WEAK = YES;
				CLANG_WARN_BLOCK_CAPTURE_AUTORELEASING = YES;
				CLANG_WARN_BOOL_CONVERSION = YES;
				CLANG_WARN_COMMA = YES;
				CLANG_WARN_CONSTANT_CONVERSION = YES;
				CLANG_WARN_DEPRECATED_OBJC_IMPLEMENTATIONS = YES;
				CLANG_WARN_DIRECT_OBJC_ISA_USAGE = YES_ERROR;
				CLANG_WARN_DOCUMENTATION_COMMENTS = YES;
				CLANG_WARN_EMPTY_BODY = YES;
				CLANG_WARN_ENUM_CONVERSION = YES;
				CLANG_WARN_INFINITE_RECURSION = YES;
				CLANG_WARN_INT_CONVERSION = YES;
				CLANG_WARN_NON_LITERAL_NULL_CONVERSION = YES;
				CLANG_WARN_OBJC_IMPLICIT_RETAIN_SELF = YES;
				CLANG_WARN_OBJC_LITERAL_CONVERSION = YES;
				CLANG_WARN_OBJC_ROOT_CLASS = YES_ERROR;
				CLANG_WARN_QUOTED_INCLUDE_IN_FRAMEWORK_HEADER = YES;
				CLANG_WARN_RANGE_LOOP_ANALYSIS = YES;
				CLANG_WARN_STRICT_PROTOTYPES = YES;
				CLANG_WARN_SUSPICIOUS_MOVE = YES;
				CLANG_WARN_UNGUARDED_AVAILABILITY = YES_AGGRESSIVE;
				CLANG_WARN_UNREACHABLE_CODE = YES;
				CLANG_WARN__DUPLICATE_METHOD_MATCH = YES;
				COPY_PHASE_STRIP = NO;
				DEBUG_INFORMATION_FORMAT = "dwarf-with-dsym";
				ENABLE_NS_ASSERTIONS = NO;
				ENABLE_STRICT_OBJC_MSGSEND = YES;
				ENABLE_USER_SCRIPT_SANDBOXING = YES;
				GCC_C_LANGUAGE_STANDARD = gnu17;
				GCC_NO_COMMON_BLOCKS = YES;
				GCC_WARN_64_TO_32_BIT_CONVERSION = YES;
				GCC_WARN_ABOUT_RETURN_TYPE = YES_ERROR;
				GCC_WARN_UNDECLARED_SELECTOR = YES;
				GCC_WARN_UNINITIALIZED_AUTOS = YES_AGGRESSIVE;
				GCC_WARN_UNUSED_FUNCTION = YES;
				GCC_WARN_UNUSED_VARIABLE = YES;
				IPHONEOS_DEPLOYMENT_TARGET = 17.4;
				LOCALIZATION_PREFERS_STRING_CATALOGS = YES;
				MTL_ENABLE_DEBUG_INFO = NO;
				MTL_FAST_MATH = YES;
				SDKROOT = iphoneos;
				SWIFT_COMPILATION_MODE = wholemodule;
				VALIDATE_PRODUCT = YES;
			};
			name = Release;
		};
		A55990A02BCBFED20096B98A /* Debug */ = {
			isa = XCBuildConfiguration;
			buildSettings = {
				ASSETCATALOG_COMPILER_APPICON_NAME = AppIcon;
				ASSETCATALOG_COMPILER_GLOBAL_ACCENT_COLOR_NAME = AccentColor;
				CODE_SIGN_STYLE = Automatic;
				CURRENT_PROJECT_VERSION = 1;
				DEVELOPMENT_TEAM = VRPU7TR7JK;
				GENERATE_INFOPLIST_FILE = YES;
				INFOPLIST_FILE = BuyOrNot/Info.plist;
				INFOPLIST_KEY_CFBundleDisplayName = "이승환";
				INFOPLIST_KEY_UIApplicationSupportsIndirectInputEvents = YES;
				INFOPLIST_KEY_UILaunchStoryboardName = LaunchScreen;
				INFOPLIST_KEY_UIMainStoryboardFile = Main;
				INFOPLIST_KEY_UISupportedInterfaceOrientations = UIInterfaceOrientationPortrait;
				INFOPLIST_KEY_UISupportedInterfaceOrientations_iPad = "UIInterfaceOrientationLandscapeLeft UIInterfaceOrientationLandscapeRight UIInterfaceOrientationPortrait UIInterfaceOrientationPortraitUpsideDown";
				IPHONEOS_DEPLOYMENT_TARGET = 16.0;
				LD_RUNPATH_SEARCH_PATHS = (
					"$(inherited)",
					"@executable_path/Frameworks",
				);
				MARKETING_VERSION = 1.0;
				PRODUCT_BUNDLE_IDENTIFIER = com.ungQ.BuyOrNot;
				PRODUCT_NAME = "$(TARGET_NAME)";
				SUPPORTED_PLATFORMS = "iphoneos iphonesimulator";
				SUPPORTS_MACCATALYST = NO;
				SUPPORTS_MAC_DESIGNED_FOR_IPHONE_IPAD = NO;
				SUPPORTS_XR_DESIGNED_FOR_IPHONE_IPAD = NO;
				SWIFT_EMIT_LOC_STRINGS = YES;
				SWIFT_VERSION = 5.0;
				TARGETED_DEVICE_FAMILY = 1;
			};
			name = Debug;
		};
		A55990A12BCBFED20096B98A /* Release */ = {
			isa = XCBuildConfiguration;
			buildSettings = {
				ASSETCATALOG_COMPILER_APPICON_NAME = AppIcon;
				ASSETCATALOG_COMPILER_GLOBAL_ACCENT_COLOR_NAME = AccentColor;
				CODE_SIGN_STYLE = Automatic;
				CURRENT_PROJECT_VERSION = 1;
				DEVELOPMENT_TEAM = VRPU7TR7JK;
				GENERATE_INFOPLIST_FILE = YES;
				INFOPLIST_FILE = BuyOrNot/Info.plist;
				INFOPLIST_KEY_CFBundleDisplayName = "이승환";
				INFOPLIST_KEY_UIApplicationSupportsIndirectInputEvents = YES;
				INFOPLIST_KEY_UILaunchStoryboardName = LaunchScreen;
				INFOPLIST_KEY_UIMainStoryboardFile = Main;
				INFOPLIST_KEY_UISupportedInterfaceOrientations = UIInterfaceOrientationPortrait;
				INFOPLIST_KEY_UISupportedInterfaceOrientations_iPad = "UIInterfaceOrientationLandscapeLeft UIInterfaceOrientationLandscapeRight UIInterfaceOrientationPortrait UIInterfaceOrientationPortraitUpsideDown";
				IPHONEOS_DEPLOYMENT_TARGET = 16.0;
				LD_RUNPATH_SEARCH_PATHS = (
					"$(inherited)",
					"@executable_path/Frameworks",
				);
				MARKETING_VERSION = 1.0;
				PRODUCT_BUNDLE_IDENTIFIER = com.ungQ.BuyOrNot;
				PRODUCT_NAME = "$(TARGET_NAME)";
				SUPPORTED_PLATFORMS = "iphoneos iphonesimulator";
				SUPPORTS_MACCATALYST = NO;
				SUPPORTS_MAC_DESIGNED_FOR_IPHONE_IPAD = NO;
				SUPPORTS_XR_DESIGNED_FOR_IPHONE_IPAD = NO;
				SWIFT_EMIT_LOC_STRINGS = YES;
				SWIFT_VERSION = 5.0;
				TARGETED_DEVICE_FAMILY = 1;
			};
			name = Release;
		};
/* End XCBuildConfiguration section */

/* Begin XCConfigurationList section */
		A55990862BCBFED00096B98A /* Build configuration list for PBXProject "BuyOrNot" */ = {
			isa = XCConfigurationList;
			buildConfigurations = (
				A559909D2BCBFED20096B98A /* Debug */,
				A559909E2BCBFED20096B98A /* Release */,
			);
			defaultConfigurationIsVisible = 0;
			defaultConfigurationName = Release;
		};
		A559909F2BCBFED20096B98A /* Build configuration list for PBXNativeTarget "BuyOrNot" */ = {
			isa = XCConfigurationList;
			buildConfigurations = (
				A55990A02BCBFED20096B98A /* Debug */,
				A55990A12BCBFED20096B98A /* Release */,
			);
			defaultConfigurationIsVisible = 0;
			defaultConfigurationName = Release;
		};
/* End XCConfigurationList section */

/* Begin XCRemoteSwiftPackageReference section */
		A558A0372BD8E0F1000C1B9D /* XCRemoteSwiftPackageReference "lottie-spm" */ = {
			isa = XCRemoteSwiftPackageReference;
			repositoryURL = "https://github.com/airbnb/lottie-spm.git";
			requirement = {
				kind = upToNextMajorVersion;
				minimumVersion = 4.4.3;
			};
		};
		A558A04A2BD95EF9000C1B9D /* XCRemoteSwiftPackageReference "RxGesture" */ = {
			isa = XCRemoteSwiftPackageReference;
			repositoryURL = "https://github.com/RxSwiftCommunity/RxGesture.git";
			requirement = {
				kind = upToNextMajorVersion;
				minimumVersion = 4.0.4;
			};
		};
		A558A0542BDBAC15000C1B9D /* XCRemoteSwiftPackageReference "keychain-swift" */ = {
			isa = XCRemoteSwiftPackageReference;
			repositoryURL = "https://github.com/evgenyneu/keychain-swift.git";
			requirement = {
				kind = upToNextMajorVersion;
				minimumVersion = 24.0.0;
			};
		};
		A55990A82BCC00C10096B98A /* XCRemoteSwiftPackageReference "Alamofire" */ = {
			isa = XCRemoteSwiftPackageReference;
			repositoryURL = "https://github.com/Alamofire/Alamofire.git";
			requirement = {
				kind = upToNextMajorVersion;
				minimumVersion = 5.9.1;
			};
		};
		A55990AB2BCC00C90096B98A /* XCRemoteSwiftPackageReference "Kingfisher" */ = {
			isa = XCRemoteSwiftPackageReference;
			repositoryURL = "https://github.com/onevcat/Kingfisher.git";
			requirement = {
				kind = upToNextMajorVersion;
				minimumVersion = 7.11.0;
			};
		};
		A55990AE2BCC01150096B98A /* XCRemoteSwiftPackageReference "RxSwift" */ = {
			isa = XCRemoteSwiftPackageReference;
			repositoryURL = "https://github.com/ReactiveX/RxSwift.git";
			requirement = {
				kind = upToNextMajorVersion;
				minimumVersion = 6.6.0;
			};
		};
		A55990B32BCC01290096B98A /* XCRemoteSwiftPackageReference "SnapKit" */ = {
			isa = XCRemoteSwiftPackageReference;
			repositoryURL = "https://github.com/SnapKit/SnapKit.git";
			requirement = {
				kind = upToNextMajorVersion;
				minimumVersion = 5.7.1;
			};
		};
		A55990B62BCC012F0096B98A /* XCRemoteSwiftPackageReference "Toast-Swift" */ = {
			isa = XCRemoteSwiftPackageReference;
			repositoryURL = "https://github.com/scalessec/Toast-Swift.git";
			requirement = {
				kind = upToNextMajorVersion;
				minimumVersion = 5.1.1;
			};
		};
		A58FC0BE2BFC459700E23D45 /* XCRemoteSwiftPackageReference "socket.io-client-swift" */ = {
			isa = XCRemoteSwiftPackageReference;
			repositoryURL = "https://github.com/socketio/socket.io-client-swift.git";
			requirement = {
				kind = exactVersion;
				version = 16.1.0;
			};
		};
		A59F22272BE3E92F003B477D /* XCRemoteSwiftPackageReference "iamport-ios" */ = {
			isa = XCRemoteSwiftPackageReference;
			repositoryURL = "https://github.com/iamport/iamport-ios.git";
			requirement = {
				kind = upToNextMajorVersion;
				minimumVersion = 1.4.1;
			};
		};
		A59F22622BE9342D003B477D /* XCRemoteSwiftPackageReference "RxKeyboard" */ = {
			isa = XCRemoteSwiftPackageReference;
			repositoryURL = "https://github.com/RxSwiftCommunity/RxKeyboard.git";
			requirement = {
				kind = upToNextMajorVersion;
				minimumVersion = 2.0.1;
			};
		};
		A5B496682BCECE330079A3B1 /* XCRemoteSwiftPackageReference "IQKeyboardManager" */ = {
			isa = XCRemoteSwiftPackageReference;
			repositoryURL = "https://github.com/hackiftekhar/IQKeyboardManager.git";
			requirement = {
				kind = upToNextMajorVersion;
				minimumVersion = 7.0.2;
			};
		};
		A5B496752BD045560079A3B1 /* XCRemoteSwiftPackageReference "Tabman" */ = {
			isa = XCRemoteSwiftPackageReference;
			repositoryURL = "https://github.com/uias/Tabman.git";
			requirement = {
				kind = upToNextMajorVersion;
				minimumVersion = 3.2.0;
			};
		};
/* End XCRemoteSwiftPackageReference section */

/* Begin XCSwiftPackageProductDependency section */
		A558A0382BD8E0F1000C1B9D /* Lottie */ = {
			isa = XCSwiftPackageProductDependency;
			package = A558A0372BD8E0F1000C1B9D /* XCRemoteSwiftPackageReference "lottie-spm" */;
			productName = Lottie;
		};
		A558A04B2BD95EF9000C1B9D /* RxGesture */ = {
			isa = XCSwiftPackageProductDependency;
			package = A558A04A2BD95EF9000C1B9D /* XCRemoteSwiftPackageReference "RxGesture" */;
			productName = RxGesture;
		};
		A558A0552BDBAC15000C1B9D /* KeychainSwift */ = {
			isa = XCSwiftPackageProductDependency;
			package = A558A0542BDBAC15000C1B9D /* XCRemoteSwiftPackageReference "keychain-swift" */;
			productName = KeychainSwift;
		};
		A55990A92BCC00C10096B98A /* Alamofire */ = {
			isa = XCSwiftPackageProductDependency;
			package = A55990A82BCC00C10096B98A /* XCRemoteSwiftPackageReference "Alamofire" */;
			productName = Alamofire;
		};
		A55990AC2BCC00C90096B98A /* Kingfisher */ = {
			isa = XCSwiftPackageProductDependency;
			package = A55990AB2BCC00C90096B98A /* XCRemoteSwiftPackageReference "Kingfisher" */;
			productName = Kingfisher;
		};
		A55990AF2BCC01150096B98A /* RxCocoa */ = {
			isa = XCSwiftPackageProductDependency;
			package = A55990AE2BCC01150096B98A /* XCRemoteSwiftPackageReference "RxSwift" */;
			productName = RxCocoa;
		};
		A55990B12BCC01150096B98A /* RxSwift */ = {
			isa = XCSwiftPackageProductDependency;
			package = A55990AE2BCC01150096B98A /* XCRemoteSwiftPackageReference "RxSwift" */;
			productName = RxSwift;
		};
		A55990B42BCC01290096B98A /* SnapKit */ = {
			isa = XCSwiftPackageProductDependency;
			package = A55990B32BCC01290096B98A /* XCRemoteSwiftPackageReference "SnapKit" */;
			productName = SnapKit;
		};
		A55990B72BCC012F0096B98A /* Toast */ = {
			isa = XCSwiftPackageProductDependency;
			package = A55990B62BCC012F0096B98A /* XCRemoteSwiftPackageReference "Toast-Swift" */;
			productName = Toast;
		};
		A58FC0BF2BFC459700E23D45 /* SocketIO */ = {
			isa = XCSwiftPackageProductDependency;
			package = A58FC0BE2BFC459700E23D45 /* XCRemoteSwiftPackageReference "socket.io-client-swift" */;
			productName = SocketIO;
		};
		A59F22282BE3E92F003B477D /* iamport-ios */ = {
			isa = XCSwiftPackageProductDependency;
			package = A59F22272BE3E92F003B477D /* XCRemoteSwiftPackageReference "iamport-ios" */;
			productName = "iamport-ios";
		};
		A59F22632BE9342D003B477D /* RxKeyboard */ = {
			isa = XCSwiftPackageProductDependency;
			package = A59F22622BE9342D003B477D /* XCRemoteSwiftPackageReference "RxKeyboard" */;
			productName = RxKeyboard;
		};
		A5B496692BCECE330079A3B1 /* IQKeyboardManagerSwift */ = {
			isa = XCSwiftPackageProductDependency;
			package = A5B496682BCECE330079A3B1 /* XCRemoteSwiftPackageReference "IQKeyboardManager" */;
			productName = IQKeyboardManagerSwift;
		};
		A5B496762BD045560079A3B1 /* Tabman */ = {
			isa = XCSwiftPackageProductDependency;
			package = A5B496752BD045560079A3B1 /* XCRemoteSwiftPackageReference "Tabman" */;
			productName = Tabman;
		};
/* End XCSwiftPackageProductDependency section */
	};
	rootObject = A55990832BCBFED00096B98A /* Project object */;
}
